
Microsoft Visual Studio Solution File, Format Version 12.00
# Visual Studio Version 16
VisualStudioVersion = 16.0.30413.136
MinimumVisualStudioVersion = 10.0.40219.1
Project("{FAE04EC0-301F-11D3-BF4B-00C04F79EFBC}") = "NavigationService.Example", "NavigationService.Example\NavigationService.Example.csproj", "{62286A8B-BC9E-4B64-89D5-9CBC01F0E0E8}"
EndProject
Global
	GlobalSection(SolutionConfigurationPlatforms) = preSolution
		Debug|Any CPU = Debug|Any CPU
		Release|Any CPU = Release|Any CPU
	EndGlobalSection
	GlobalSection(ProjectConfigurationPlatforms) = postSolution
		{62286A8B-BC9E-4B64-89D5-9CBC01F0E0E8}.Debug|Any CPU.ActiveCfg = Debug|Any CPU
		{62286A8B-BC9E-4B64-89D5-9CBC01F0E0E8}.Debug|Any CPU.Build.0 = Debug|Any CPU
		{62286A8B-BC9E-4B64-89D5-9CBC01F0E0E8}.Release|Any CPU.ActiveCfg = Release|Any CPU
		{62286A8B-BC9E-4B64-89D5-9CBC01F0E0E8}.Release|Any CPU.Build.0 = Release|Any CPU
	EndGlobalSection
	GlobalSection(SolutionProperties) = preSolution
		HideSolutionNode = FALSE
	EndGlobalSection
	GlobalSection(ExtensibilityGlobals) = postSolution
		SolutionGuid = {DA177F93-5686-41F9-A268-C4C6936E689E}
	EndGlobalSection
EndGlobal
